
Microsoft Visual Studio Solution File, Format Version 12.00
# Visual Studio Version 17
VisualStudioVersion = 17.12.35527.113 d17.12
MinimumVisualStudioVersion = 10.0.40219.1
Project("{FAE04EC0-301F-11D3-BF4B-00C04F79EFBC}") = "asteelincident.Server", "asteelincident.Server\asteelincident.Server.csproj", "{70A9D5C3-D287-4F11-96BE-2D1E1F82E643}"
EndProject
Project("{54A90642-561A-4BB1-A94E-469ADEE60C69}") = "asteelincident.client", "asteelincident.client\asteelincident.client.esproj", "{CCCF693D-FB3E-4BBB-8B58-A782D8008FFF}"
EndProject
Global
	GlobalSection(SolutionConfigurationPlatforms) = preSolution
		Debug|Any CPU = Debug|Any CPU
		Release|Any CPU = Release|Any CPU
	EndGlobalSection
	GlobalSection(ProjectConfigurationPlatforms) = postSolution
		{70A9D5C3-D287-4F11-96BE-2D1E1F82E643}.Debug|Any CPU.ActiveCfg = Debug|Any CPU
		{70A9D5C3-D287-4F11-96BE-2D1E1F82E643}.Debug|Any CPU.Build.0 = Debug|Any CPU
		{70A9D5C3-D287-4F11-96BE-2D1E1F82E643}.Release|Any CPU.ActiveCfg = Release|Any CPU
		{70A9D5C3-D287-4F11-96BE-2D1E1F82E643}.Release|Any CPU.Build.0 = Release|Any CPU
		{CCCF693D-FB3E-4BBB-8B58-A782D8008FFF}.Debug|Any CPU.ActiveCfg = Debug|Any CPU
		{CCCF693D-FB3E-4BBB-8B58-A782D8008FFF}.Debug|Any CPU.Build.0 = Debug|Any CPU
		{CCCF693D-FB3E-4BBB-8B58-A782D8008FFF}.Debug|Any CPU.Deploy.0 = Debug|Any CPU
		{CCCF693D-FB3E-4BBB-8B58-A782D8008FFF}.Release|Any CPU.ActiveCfg = Release|Any CPU
		{CCCF693D-FB3E-4BBB-8B58-A782D8008FFF}.Release|Any CPU.Build.0 = Release|Any CPU
		{CCCF693D-FB3E-4BBB-8B58-A782D8008FFF}.Release|Any CPU.Deploy.0 = Release|Any CPU
	EndGlobalSection
	GlobalSection(SolutionProperties) = preSolution
		HideSolutionNode = FALSE
	EndGlobalSection
EndGlobal
